
Microsoft Visual Studio Solution File, Format Version 12.00
# Visual Studio 15
VisualStudioVersion = 15.0.28307.572
MinimumVisualStudioVersion = 10.0.40219.1
Project("{FAE04EC0-301F-11D3-BF4B-00C04F79EFBC}") = "projetX_TP", "projetX_TP\projetX_TP.csproj", "{96050187-001F-401A-A0DB-BCC498BCE006}"
EndProject
Global
	GlobalSection(SolutionConfigurationPlatforms) = preSolution
		Debug|Any CPU = Debug|Any CPU
		Release|Any CPU = Release|Any CPU
	EndGlobalSection
	GlobalSection(ProjectConfigurationPlatforms) = postSolution
		{96050187-001F-401A-A0DB-BCC498BCE006}.Debug|Any CPU.ActiveCfg = Debug|Any CPU
		{96050187-001F-401A-A0DB-BCC498BCE006}.Debug|Any CPU.Build.0 = Debug|Any CPU
		{96050187-001F-401A-A0DB-BCC498BCE006}.Release|Any CPU.ActiveCfg = Release|Any CPU
		{96050187-001F-401A-A0DB-BCC498BCE006}.Release|Any CPU.Build.0 = Release|Any CPU
	EndGlobalSection
	GlobalSection(SolutionProperties) = preSolution
		HideSolutionNode = FALSE
	EndGlobalSection
	GlobalSection(ExtensibilityGlobals) = postSolution
		SolutionGuid = {BF436492-749A-43E4-BF6C-0D919927BFDD}
	EndGlobalSection
EndGlobal
